[[package]]
name = "crossbeam"
version = "0.3.2"
source = "registry+https://github.com/rust-lang/crates.io-index"

[[package]]
name = "fnv"
version = "1.0.6"
source = "registry+https://github.com/rust-lang/crates.io-index"

[[package]]
name = "half"
version = "1.1.0"
source = "registry+https://github.com/rust-lang/crates.io-index"

[[package]]
name = "lazy_static"
version = "1.0.0"
source = "registry+https://github.com/rust-lang/crates.io-index"

[[package]]
name = "libc"
version = "0.2.40"
source = "registry+https://github.com/rust-lang/crates.io-index"

[[package]]
name = "shared_library"
version = "0.1.8"
source = "registry+https://github.com/rust-lang/crates.io-index"
dependencies = [
 "lazy_static 1.0.0 (registry+https://github.com/rust-lang/crates.io-index)",
 "libc 0.2.40 (registry+https://github.com/rust-lang/crates.io-index)",
]

[[package]]
name = "smallvec"
version = "0.6.1"
source = "registry+https://github.com/rust-lang/crates.io-index"

[[package]]
name = "vk-sys"
version = "0.3.3"
source = "registry+https://github.com/rust-lang/crates.io-index"

[[package]]
name = "vulkano"
version = "0.9.0"
source = "registry+https://github.com/rust-lang/crates.io-index"
dependencies = [
 "crossbeam 0.3.2 (registry+https://github.com/rust-lang/crates.io-index)",
 "fnv 1.0.6 (registry+https://github.com/rust-lang/crates.io-index)",
 "half 1.1.0 (registry+https://github.com/rust-lang/crates.io-index)",
 "lazy_static 1.0.0 (registry+https://github.com/rust-lang/crates.io-index)",
 "shared_library 0.1.8 (registry+https://github.com/rust-lang/crates.io-index)",
 "smallvec 0.6.1 (registry+https://github.com/rust-lang/crates.io-index)",
 "vk-sys 0.3.3 (registry+https://github.com/rust-lang/crates.io-index)",
]

[[package]]
name = "wfn_eng"
version = "0.1.0"
dependencies = [
 "vulkano 0.9.0 (registry+https://github.com/rust-lang/crates.io-index)",
]

[metadata]
"checksum crossbeam 0.3.2 (registry+https://github.com/rust-lang/crates.io-index)" = "24ce9782d4d5c53674646a6a4c1863a21a8fc0cb649b3c94dfc16e45071dea19"
"checksum fnv 1.0.6 (registry+https://github.com/rust-lang/crates.io-index)" = "2fad85553e09a6f881f739c29f0b00b0f01357c743266d478b68951ce23285f3"
"checksum half 1.1.0 (registry+https://github.com/rust-lang/crates.io-index)" = "1d5c5f71a723d10dfc58927cbed37c3071a50afc7f073d86fd7d3e5727db890f"
"checksum lazy_static 1.0.0 (registry+https://github.com/rust-lang/crates.io-index)" = "c8f31047daa365f19be14b47c29df4f7c3b581832407daabe6ae77397619237d"
"checksum libc 0.2.40 (registry+https://github.com/rust-lang/crates.io-index)" = "6fd41f331ac7c5b8ac259b8bf82c75c0fb2e469bbf37d2becbba9a6a2221965b"
"checksum shared_library 0.1.8 (registry+https://github.com/rust-lang/crates.io-index)" = "8254bf098ce4d8d7cc7cc6de438c5488adc5297e5b7ffef88816c0a91bd289c1"
"checksum smallvec 0.6.1 (registry+https://github.com/rust-lang/crates.io-index)" = "03dab98ab5ded3a8b43b2c80751194608d0b2aa0f1d46cf95d1c35e192844aa7"
"checksum vk-sys 0.3.3 (registry+https://github.com/rust-lang/crates.io-index)" = "9567ee6b79b72dfe50201817a9b903de91a1deb091b41c165c2c3679884d8103"
"checksum vulkano 0.9.0 (registry+https://github.com/rust-lang/crates.io-index)" = "079a6ef1a5ba2016f037fe41cf445059715ca828afc5dbf4ca32d4cf2f427912"
